
Microsoft Visual Studio Solution File, Format Version 12.00
# Visual Studio 15
VisualStudioVersion = 15.0.28307.106
MinimumVisualStudioVersion = 10.0.40219.1
Project("{FAE04EC0-301F-11D3-BF4B-00C04F79EFBC}") = "WebApiAuthSample", "WebApiAuthSample\WebApiAuthSample.csproj", "{5A849239-00DB-42B0-9965-FD8F8021295F}"
EndProject
Global
	GlobalSection(SolutionConfigurationPlatforms) = preSolution
		Debug|Any CPU = Debug|Any CPU
		Release|Any CPU = Release|Any CPU
	EndGlobalSection
	GlobalSection(ProjectConfigurationPlatforms) = postSolution
		{5A849239-00DB-42B0-9965-FD8F8021295F}.Debug|Any CPU.ActiveCfg = Debug|Any CPU
		{5A849239-00DB-42B0-9965-FD8F8021295F}.Debug|Any CPU.Build.0 = Debug|Any CPU
		{5A849239-00DB-42B0-9965-FD8F8021295F}.Release|Any CPU.ActiveCfg = Release|Any CPU
		{5A849239-00DB-42B0-9965-FD8F8021295F}.Release|Any CPU.Build.0 = Release|Any CPU
	EndGlobalSection
	GlobalSection(SolutionProperties) = preSolution
		HideSolutionNode = FALSE
	EndGlobalSection
	GlobalSection(ExtensibilityGlobals) = postSolution
		SolutionGuid = {1D6F1113-4815-4C52-BA4E-B70767838443}
	EndGlobalSection
EndGlobal
